
Microsoft Visual Studio Solution File, Format Version 12.00
# Visual Studio Version 16
VisualStudioVersion = 16.0.29318.209
MinimumVisualStudioVersion = 10.0.40219.1
Project("{9A19103F-16F7-4668-BE54-9A1E7A4F7556}") = "AspNetCore.ResponseCaching.Extensions", "AspNetCore.ResponseCaching.Extensions.csproj", "{F7DE6191-0136-4AF7-BEBF-36A30353D95C}"
EndProject
Global
	GlobalSection(SolutionConfigurationPlatforms) = preSolution
		Debug|Any CPU = Debug|Any CPU
		Release|Any CPU = Release|Any CPU
	EndGlobalSection
	GlobalSection(ProjectConfigurationPlatforms) = postSolution
		{F7DE6191-0136-4AF7-BEBF-36A30353D95C}.Debug|Any CPU.ActiveCfg = Debug|Any CPU
		{F7DE6191-0136-4AF7-BEBF-36A30353D95C}.Debug|Any CPU.Build.0 = Debug|Any CPU
		{F7DE6191-0136-4AF7-BEBF-36A30353D95C}.Release|Any CPU.ActiveCfg = Release|Any CPU
		{F7DE6191-0136-4AF7-BEBF-36A30353D95C}.Release|Any CPU.Build.0 = Release|Any CPU
	EndGlobalSection
	GlobalSection(SolutionProperties) = preSolution
		HideSolutionNode = FALSE
	EndGlobalSection
	GlobalSection(ExtensibilityGlobals) = postSolution
		SolutionGuid = {9C77D0EF-CED8-464C-9618-E1F42924E37D}
	EndGlobalSection
EndGlobal
